
Microsoft Visual Studio Solution File, Format Version 12.00
# Visual Studio Version 17
VisualStudioVersion = 17.7.34202.233
MinimumVisualStudioVersion = 10.0.40219.1
Project("{FAE04EC0-301F-11D3-BF4B-00C04F79EFBC}") = "YapaySinirHucresi", "YapaySinirHucresi\YapaySinirHucresi.csproj", "{47BE64AA-1606-45BC-81F3-C59F2619BD81}"
EndProject
Global
	GlobalSection(SolutionConfigurationPlatforms) = preSolution
		Debug|Any CPU = Debug|Any CPU
		Release|Any CPU = Release|Any CPU
	EndGlobalSection
	GlobalSection(ProjectConfigurationPlatforms) = postSolution
		{47BE64AA-1606-45BC-81F3-C59F2619BD81}.Debug|Any CPU.ActiveCfg = Debug|Any CPU
		{47BE64AA-1606-45BC-81F3-C59F2619BD81}.Debug|Any CPU.Build.0 = Debug|Any CPU
		{47BE64AA-1606-45BC-81F3-C59F2619BD81}.Release|Any CPU.ActiveCfg = Release|Any CPU
		{47BE64AA-1606-45BC-81F3-C59F2619BD81}.Release|Any CPU.Build.0 = Release|Any CPU
	EndGlobalSection
	GlobalSection(SolutionProperties) = preSolution
		HideSolutionNode = FALSE
	EndGlobalSection
	GlobalSection(ExtensibilityGlobals) = postSolution
		SolutionGuid = {DF85B023-EC53-43DB-8D52-7CE2F0E6566B}
	EndGlobalSection
EndGlobal
